
Microsoft Visual Studio Solution File, Format Version 12.00
# Visual Studio Version 16
VisualStudioVersion = 16.0.30804.86
MinimumVisualStudioVersion = 10.0.40219.1
Project("{FAE04EC0-301F-11D3-BF4B-00C04F79EFBC}") = "API", "API\API.csproj", "{BF87DB5F-65DA-4C49-9760-7C932D49E931}"
EndProject
Project("{FAE04EC0-301F-11D3-BF4B-00C04F79EFBC}") = "Core", "Core\Core.csproj", "{DDA1A690-352B-4476-94E1-A36CF62C1DB7}"
EndProject
Project("{FAE04EC0-301F-11D3-BF4B-00C04F79EFBC}") = "Infrastructure", "Infrastructure\Infrastructure.csproj", "{DDA5A02B-8ADB-403D-9233-BD15DB315D2E}"
EndProject
Global
	GlobalSection(SolutionConfigurationPlatforms) = preSolution
		Debug|Any CPU = Debug|Any CPU
		Release|Any CPU = Release|Any CPU
	EndGlobalSection
	GlobalSection(ProjectConfigurationPlatforms) = postSolution
		{BF87DB5F-65DA-4C49-9760-7C932D49E931}.Debug|Any CPU.ActiveCfg = Debug|Any CPU
		{BF87DB5F-65DA-4C49-9760-7C932D49E931}.Debug|Any CPU.Build.0 = Debug|Any CPU
		{BF87DB5F-65DA-4C49-9760-7C932D49E931}.Release|Any CPU.ActiveCfg = Release|Any CPU
		{BF87DB5F-65DA-4C49-9760-7C932D49E931}.Release|Any CPU.Build.0 = Release|Any CPU
		{DDA1A690-352B-4476-94E1-A36CF62C1DB7}.Debug|Any CPU.ActiveCfg = Debug|Any CPU
		{DDA1A690-352B-4476-94E1-A36CF62C1DB7}.Debug|Any CPU.Build.0 = Debug|Any CPU
		{DDA1A690-352B-4476-94E1-A36CF62C1DB7}.Release|Any CPU.ActiveCfg = Release|Any CPU
		{DDA1A690-352B-4476-94E1-A36CF62C1DB7}.Release|Any CPU.Build.0 = Release|Any CPU
		{DDA5A02B-8ADB-403D-9233-BD15DB315D2E}.Debug|Any CPU.ActiveCfg = Debug|Any CPU
		{DDA5A02B-8ADB-403D-9233-BD15DB315D2E}.Debug|Any CPU.Build.0 = Debug|Any CPU
		{DDA5A02B-8ADB-403D-9233-BD15DB315D2E}.Release|Any CPU.ActiveCfg = Release|Any CPU
		{DDA5A02B-8ADB-403D-9233-BD15DB315D2E}.Release|Any CPU.Build.0 = Release|Any CPU
	EndGlobalSection
	GlobalSection(SolutionProperties) = preSolution
		HideSolutionNode = FALSE
	EndGlobalSection
	GlobalSection(ExtensibilityGlobals) = postSolution
		SolutionGuid = {A68E7C60-B6A4-447B-8077-BE63232DA200}
	EndGlobalSection
EndGlobal
